
Microsoft Visual Studio Solution File, Format Version 12.00
# Visual Studio Version 17
VisualStudioVersion = 17.4.33403.182
MinimumVisualStudioVersion = 10.0.40219.1
Project("{9A19103F-16F7-4668-BE54-9A1E7A4F7556}") = "DDDDemo", "DDDDemo\DDDDemo.csproj", "{19C70449-C01C-410E-B888-0371E7717274}"
EndProject
Project("{9A19103F-16F7-4668-BE54-9A1E7A4F7556}") = "RMQClient", "RMQClient\RMQClient.csproj", "{E6A67BC0-B1E3-45F1-919C-1C1824F10C05}"
EndProject
Project("{9A19103F-16F7-4668-BE54-9A1E7A4F7556}") = "RMQServer", "RMQServer\RMQServer.csproj", "{59DCC9B7-C8E5-41CB-A566-22FC1325C277}"
EndProject
Project("{2150E333-8FDC-42A3-9474-1A3956D46DE8}") = "RMQ", "RMQ", "{A9D4CB4D-752E-4D6E-8019-B8699E8D50AE}"
EndProject
Project("{2150E333-8FDC-42A3-9474-1A3956D46DE8}") = "ZackEventBusDemo", "ZackEventBusDemo", "{B3FE1537-DB3A-48A7-A7E5-E177309A2548}"
EndProject
Project("{9A19103F-16F7-4668-BE54-9A1E7A4F7556}") = "EventWebApi1", "EventWebApi1\EventWebApi1.csproj", "{ECEBD584-BAD7-44DA-9858-FFACFB0D9EB0}"
EndProject
Project("{9A19103F-16F7-4668-BE54-9A1E7A4F7556}") = "EventWebApi2", "EventWebApi2\EventWebApi2.csproj", "{2CAE2555-54A4-4BE5-8EA6-84BB3779B716}"
EndProject
Project("{2150E333-8FDC-42A3-9474-1A3956D46DE8}") = "OnionArchitecture", "OnionArchitecture", "{9B8A368C-2CF8-49DD-9352-7822656A9ADF}"
EndProject
Project("{9A19103F-16F7-4668-BE54-9A1E7A4F7556}") = "SimpleDemo1", "SimpleDemo1\SimpleDemo1.csproj", "{0A8C5E6D-97EF-4819-A8DB-4AE278BC2D4D}"
EndProject
Project("{2150E333-8FDC-42A3-9474-1A3956D46DE8}") = "项目实战User", "项目实战User", "{4F287B9F-D431-4B3C-A4D8-D07960AE6625}"
EndProject
Project("{FAE04EC0-301F-11D3-BF4B-00C04F79EFBC}") = "User.WebAPI", "User.WebAPI\User.WebAPI.csproj", "{7988625D-8753-45B0-8C03-18871022E11C}"
EndProject
Project("{FAE04EC0-301F-11D3-BF4B-00C04F79EFBC}") = "User.Domain", "User.Domain\User.Domain.csproj", "{5BD62939-30E4-4DB2-8322-CAF6607ED3E3}"
EndProject
Project("{FAE04EC0-301F-11D3-BF4B-00C04F79EFBC}") = "User.Infrastructure", "User.Infrastructure\User.Infrastructure.csproj", "{A029A569-7BF5-43AD-B1F1-AFAC2613E833}"
EndProject
Global
	GlobalSection(SolutionConfigurationPlatforms) = preSolution
		Debug|Any CPU = Debug|Any CPU
		Release|Any CPU = Release|Any CPU
	EndGlobalSection
	GlobalSection(ProjectConfigurationPlatforms) = postSolution
		{19C70449-C01C-410E-B888-0371E7717274}.Debug|Any CPU.ActiveCfg = Debug|Any CPU
		{19C70449-C01C-410E-B888-0371E7717274}.Debug|Any CPU.Build.0 = Debug|Any CPU
		{19C70449-C01C-410E-B888-0371E7717274}.Release|Any CPU.ActiveCfg = Release|Any CPU
		{19C70449-C01C-410E-B888-0371E7717274}.Release|Any CPU.Build.0 = Release|Any CPU
		{E6A67BC0-B1E3-45F1-919C-1C1824F10C05}.Debug|Any CPU.ActiveCfg = Debug|Any CPU
		{E6A67BC0-B1E3-45F1-919C-1C1824F10C05}.Debug|Any CPU.Build.0 = Debug|Any CPU
		{E6A67BC0-B1E3-45F1-919C-1C1824F10C05}.Release|Any CPU.ActiveCfg = Release|Any CPU
		{E6A67BC0-B1E3-45F1-919C-1C1824F10C05}.Release|Any CPU.Build.0 = Release|Any CPU
		{59DCC9B7-C8E5-41CB-A566-22FC1325C277}.Debug|Any CPU.ActiveCfg = Debug|Any CPU
		{59DCC9B7-C8E5-41CB-A566-22FC1325C277}.Debug|Any CPU.Build.0 = Debug|Any CPU
		{59DCC9B7-C8E5-41CB-A566-22FC1325C277}.Release|Any CPU.ActiveCfg = Release|Any CPU
		{59DCC9B7-C8E5-41CB-A566-22FC1325C277}.Release|Any CPU.Build.0 = Release|Any CPU
		{ECEBD584-BAD7-44DA-9858-FFACFB0D9EB0}.Debug|Any CPU.ActiveCfg = Debug|Any CPU
		{ECEBD584-BAD7-44DA-9858-FFACFB0D9EB0}.Debug|Any CPU.Build.0 = Debug|Any CPU
		{ECEBD584-BAD7-44DA-9858-FFACFB0D9EB0}.Release|Any CPU.ActiveCfg = Release|Any CPU
		{ECEBD584-BAD7-44DA-9858-FFACFB0D9EB0}.Release|Any CPU.Build.0 = Release|Any CPU
		{2CAE2555-54A4-4BE5-8EA6-84BB3779B716}.Debug|Any CPU.ActiveCfg = Debug|Any CPU
		{2CAE2555-54A4-4BE5-8EA6-84BB3779B716}.Debug|Any CPU.Build.0 = Debug|Any CPU
		{2CAE2555-54A4-4BE5-8EA6-84BB3779B716}.Release|Any CPU.ActiveCfg = Release|Any CPU
		{2CAE2555-54A4-4BE5-8EA6-84BB3779B716}.Release|Any CPU.Build.0 = Release|Any CPU
		{0A8C5E6D-97EF-4819-A8DB-4AE278BC2D4D}.Debug|Any CPU.ActiveCfg = Debug|Any CPU
		{0A8C5E6D-97EF-4819-A8DB-4AE278BC2D4D}.Debug|Any CPU.Build.0 = Debug|Any CPU
		{0A8C5E6D-97EF-4819-A8DB-4AE278BC2D4D}.Release|Any CPU.ActiveCfg = Release|Any CPU
		{0A8C5E6D-97EF-4819-A8DB-4AE278BC2D4D}.Release|Any CPU.Build.0 = Release|Any CPU
		{7988625D-8753-45B0-8C03-18871022E11C}.Debug|Any CPU.ActiveCfg = Debug|Any CPU
		{7988625D-8753-45B0-8C03-18871022E11C}.Debug|Any CPU.Build.0 = Debug|Any CPU
		{7988625D-8753-45B0-8C03-18871022E11C}.Release|Any CPU.ActiveCfg = Release|Any CPU
		{7988625D-8753-45B0-8C03-18871022E11C}.Release|Any CPU.Build.0 = Release|Any CPU
		{5BD62939-30E4-4DB2-8322-CAF6607ED3E3}.Debug|Any CPU.ActiveCfg = Debug|Any CPU
		{5BD62939-30E4-4DB2-8322-CAF6607ED3E3}.Debug|Any CPU.Build.0 = Debug|Any CPU
		{5BD62939-30E4-4DB2-8322-CAF6607ED3E3}.Release|Any CPU.ActiveCfg = Release|Any CPU
		{5BD62939-30E4-4DB2-8322-CAF6607ED3E3}.Release|Any CPU.Build.0 = Release|Any CPU
		{A029A569-7BF5-43AD-B1F1-AFAC2613E833}.Debug|Any CPU.ActiveCfg = Debug|Any CPU
		{A029A569-7BF5-43AD-B1F1-AFAC2613E833}.Debug|Any CPU.Build.0 = Debug|Any CPU
		{A029A569-7BF5-43AD-B1F1-AFAC2613E833}.Release|Any CPU.ActiveCfg = Release|Any CPU
		{A029A569-7BF5-43AD-B1F1-AFAC2613E833}.Release|Any CPU.Build.0 = Release|Any CPU
	EndGlobalSection
	GlobalSection(SolutionProperties) = preSolution
		HideSolutionNode = FALSE
	EndGlobalSection
	GlobalSection(NestedProjects) = preSolution
		{E6A67BC0-B1E3-45F1-919C-1C1824F10C05} = {A9D4CB4D-752E-4D6E-8019-B8699E8D50AE}
		{59DCC9B7-C8E5-41CB-A566-22FC1325C277} = {A9D4CB4D-752E-4D6E-8019-B8699E8D50AE}
		{ECEBD584-BAD7-44DA-9858-FFACFB0D9EB0} = {B3FE1537-DB3A-48A7-A7E5-E177309A2548}
		{2CAE2555-54A4-4BE5-8EA6-84BB3779B716} = {B3FE1537-DB3A-48A7-A7E5-E177309A2548}
		{0A8C5E6D-97EF-4819-A8DB-4AE278BC2D4D} = {9B8A368C-2CF8-49DD-9352-7822656A9ADF}
		{7988625D-8753-45B0-8C03-18871022E11C} = {4F287B9F-D431-4B3C-A4D8-D07960AE6625}
		{5BD62939-30E4-4DB2-8322-CAF6607ED3E3} = {4F287B9F-D431-4B3C-A4D8-D07960AE6625}
		{A029A569-7BF5-43AD-B1F1-AFAC2613E833} = {4F287B9F-D431-4B3C-A4D8-D07960AE6625}
	EndGlobalSection
	GlobalSection(ExtensibilityGlobals) = postSolution
		SolutionGuid = {F318EFD1-FF12-4351-B999-AEB01E5279ED}
	EndGlobalSection
EndGlobal
